// !$*UTF8*$!
{
	archiveVersion = 1;
	classes = {
	};
	objectVersion = 46;
	objects = {

/* Begin PBXBuildFile section */
		DE1E6EDA1ED2C7EB00875AB8 /* JavaScriptCore.framework in Frameworks */ = {isa = PBXBuildFile; fileRef = DE1E6ED91ED2C7EB00875AB8 /* JavaScriptCore.framework */; };
		DE1E6EDC1ED2C7F300875AB8 /* CoreLocation.framework in Frameworks */ = {isa = PBXBuildFile; fileRef = DE1E6EDB1ED2C7F300875AB8 /* CoreLocation.framework */; };
		DE1E6EDE1ED2C7FC00875AB8 /* AdSupport.framework in Frameworks */ = {isa = PBXBuildFile; fileRef = DE1E6EDD1ED2C7FC00875AB8 /* AdSupport.framework */; };
		DE1E6EE01ED2C80C00875AB8 /* SystemConfiguration.framework in Frameworks */ = {isa = PBXBuildFile; fileRef = DE1E6EDF1ED2C80C00875AB8 /* SystemConfiguration.framework */; };
		DE1E6EE21ED2C81900875AB8 /* libstdc++.tbd in Frameworks */ = {isa = PBXBuildFile; fileRef = DE1E6EE11ED2C81900875AB8 /* libstdc++.tbd */; };
		DE1E6EE41ED2C82100875AB8 /* libz.tbd in Frameworks */ = {isa = PBXBuildFile; fileRef = DE1E6EE31ED2C82100875AB8 /* libz.tbd */; };
		DE1E6EE61ED2C82A00875AB8 /* libicucore.tbd in Frameworks */ = {isa = PBXBuildFile; fileRef = DE1E6EE51ED2C82A00875AB8 /* libicucore.tbd */; };
		DE3C2F081F34461D0034009D /* MJRefreshAutoFooter.m in Sources */ = {isa = PBXBuildFile; fileRef = DE3C2EDC1F34461D0034009D /* MJRefreshAutoFooter.m */; };
		DE3C2F091F34461D0034009D /* MJRefreshBackFooter.m in Sources */ = {isa = PBXBuildFile; fileRef = DE3C2EDE1F34461D0034009D /* MJRefreshBackFooter.m */; };
		DE3C2F0A1F34461D0034009D /* MJRefreshComponent.m in Sources */ = {isa = PBXBuildFile; fileRef = DE3C2EE01F34461D0034009D /* MJRefreshComponent.m */; };
		DE3C2F0B1F34461D0034009D /* MJRefreshFooter.m in Sources */ = {isa = PBXBuildFile; fileRef = DE3C2EE21F34461D0034009D /* MJRefreshFooter.m */; };
		DE3C2F0C1F34461D0034009D /* MJRefreshHeader.m in Sources */ = {isa = PBXBuildFile; fileRef = DE3C2EE41F34461D0034009D /* MJRefreshHeader.m */; };
		DE3C2F0D1F34461D0034009D /* MJRefreshAutoGifFooter.m in Sources */ = {isa = PBXBuildFile; fileRef = DE3C2EE91F34461D0034009D /* MJRefreshAutoGifFooter.m */; };
		DE3C2F0E1F34461D0034009D /* MJRefreshAutoNormalFooter.m in Sources */ = {isa = PBXBuildFile; fileRef = DE3C2EEB1F34461D0034009D /* MJRefreshAutoNormalFooter.m */; };
		DE3C2F0F1F34461D0034009D /* MJRefreshAutoStateFooter.m in Sources */ = {isa = PBXBuildFile; fileRef = DE3C2EED1F34461D0034009D /* MJRefreshAutoStateFooter.m */; };
		DE3C2F101F34461D0034009D /* MJRefreshBackGifFooter.m in Sources */ = {isa = PBXBuildFile; fileRef = DE3C2EF01F34461D0034009D /* MJRefreshBackGifFooter.m */; };
		DE3C2F111F34461D0034009D /* MJRefreshBackNormalFooter.m in Sources */ = {isa = PBXBuildFile; fileRef = DE3C2EF21F34461D0034009D /* MJRefreshBackNormalFooter.m */; };
		DE3C2F121F34461D0034009D /* MJRefreshBackStateFooter.m in Sources */ = {isa = PBXBuildFile; fileRef = DE3C2EF41F34461D0034009D /* MJRefreshBackStateFooter.m */; };
		DE3C2F131F34461D0034009D /* MJRefreshGifHeader.m in Sources */ = {isa = PBXBuildFile; fileRef = DE3C2EF71F34461D0034009D /* MJRefreshGifHeader.m */; };
		DE3C2F141F34461D0034009D /* MJRefreshNormalHeader.m in Sources */ = {isa = PBXBuildFile; fileRef = DE3C2EF91F34461D0034009D /* MJRefreshNormalHeader.m */; };
		DE3C2F151F34461D0034009D /* MJRefreshStateHeader.m in Sources */ = {isa = PBXBuildFile; fileRef = DE3C2EFB1F34461D0034009D /* MJRefreshStateHeader.m */; };
		DE3C2F161F34461D0034009D /* MJRefresh.bundle in Resources */ = {isa = PBXBuildFile; fileRef = DE3C2EFC1F34461D0034009D /* MJRefresh.bundle */; };
		DE3C2F171F34461D0034009D /* MJRefreshConst.m in Sources */ = {isa = PBXBuildFile; fileRef = DE3C2EFF1F34461D0034009D /* MJRefreshConst.m */; };
		DE3C2F181F34461D0034009D /* NSBundle+MJRefresh.m in Sources */ = {isa = PBXBuildFile; fileRef = DE3C2F011F34461D0034009D /* NSBundle+MJRefresh.m */; };
		DE3C2F191F34461D0034009D /* UIScrollView+MJExtension.m in Sources */ = {isa = PBXBuildFile; fileRef = DE3C2F031F34461D0034009D /* UIScrollView+MJExtension.m */; };
		DE3C2F1A1F34461D0034009D /* UIScrollView+MJRefresh.m in Sources */ = {isa = PBXBuildFile; fileRef = DE3C2F051F34461D0034009D /* UIScrollView+MJRefresh.m */; };
		DE3C2F1B1F34461D0034009D /* UIView+MJExtension.m in Sources */ = {isa = PBXBuildFile; fileRef = DE3C2F071F34461D0034009D /* UIView+MJExtension.m */; };
		DE826F251ED2CBD30099FC40 /* JiMu.bundle in Resources */ = {isa = PBXBuildFile; fileRef = DE826F171ED2CBD30099FC40 /* JiMu.bundle */; };
		DE826F261ED2CBD30099FC40 /* JiMu.framework in Frameworks */ = {isa = PBXBuildFile; fileRef = DE826F181ED2CBD30099FC40 /* JiMu.framework */; };
		DE826F271ED2CBD30099FC40 /* MOBFoundation.framework in Frameworks */ = {isa = PBXBuildFile; fileRef = DE826F191ED2CBD30099FC40 /* MOBFoundation.framework */; };
		DE826F281ED2CBD30099FC40 /* ShareSDK.framework in Frameworks */ = {isa = PBXBuildFile; fileRef = DE826F1B1ED2CBD30099FC40 /* ShareSDK.framework */; };
		DE826F291ED2CBD30099FC40 /* ShareSDK.bundle in Resources */ = {isa = PBXBuildFile; fileRef = DE826F1E1ED2CBD30099FC40 /* ShareSDK.bundle */; };
		DE826F2A1ED2CBD30099FC40 /* SMS_SDK.framework in Frameworks */ = {isa = PBXBuildFile; fileRef = DE826F201ED2CBD30099FC40 /* SMS_SDK.framework */; };
		DE826F2B1ED2CBD30099FC40 /* UMSSDK.framework in Frameworks */ = {isa = PBXBuildFile; fileRef = DE826F221ED2CBD30099FC40 /* UMSSDK.framework */; };
		DE826F2C1ED2CBD30099FC40 /* UMSSDKUI.bundle in Resources */ = {isa = PBXBuildFile; fileRef = DE826F231ED2CBD30099FC40 /* UMSSDKUI.bundle */; };
		DE826F2D1ED2CBD30099FC40 /* UMSSDKUI.framework in Frameworks */ = {isa = PBXBuildFile; fileRef = DE826F241ED2CBD30099FC40 /* UMSSDKUI.framework */; };
		DEDBEFBF1ED2C3B50065E2BA /* main.m in Sources */ = {isa = PBXBuildFile; fileRef = DEDBEFBE1ED2C3B50065E2BA /* main.m */; };
		DEDBEFC21ED2C3B50065E2BA /* AppDelegate.m in Sources */ = {isa = PBXBuildFile; fileRef = DEDBEFC11ED2C3B50065E2BA /* AppDelegate.m */; };
		DEDBEFC51ED2C3B60065E2BA /* ViewController.m in Sources */ = {isa = PBXBuildFile; fileRef = DEDBEFC41ED2C3B60065E2BA /* ViewController.m */; };
		DEDBEFC81ED2C3B60065E2BA /* Main.storyboard in Resources */ = {isa = PBXBuildFile; fileRef = DEDBEFC61ED2C3B60065E2BA /* Main.storyboard */; };
		DEDBEFCA1ED2C3B60065E2BA /* Assets.xcassets in Resources */ = {isa = PBXBuildFile; fileRef = DEDBEFC91ED2C3B60065E2BA /* Assets.xcassets */; };
		DEDBEFCD1ED2C3B60065E2BA /* LaunchScreen.storyboard in Resources */ = {isa = PBXBuildFile; fileRef = DEDBEFCB1ED2C3B60065E2BA /* LaunchScreen.storyboard */; };
/* End PBXBuildFile section */

/* Begin PBXFileReference section */
		DE1E6ED91ED2C7EB00875AB8 /* JavaScriptCore.framework */ = {isa = PBXFileReference; lastKnownFileType = wrapper.framework; name = JavaScriptCore.framework; path = System/Library/Frameworks/JavaScriptCore.framework; sourceTree = SDKROOT; };
		DE1E6EDB1ED2C7F300875AB8 /* CoreLocation.framework */ = {isa = PBXFileReference; lastKnownFileType = wrapper.framework; name = CoreLocation.framework; path = System/Library/Frameworks/CoreLocation.framework; sourceTree = SDKROOT; };
		DE1E6EDD1ED2C7FC00875AB8 /* AdSupport.framework */ = {isa = PBXFileReference; lastKnownFileType = wrapper.framework; name = AdSupport.framework; path = System/Library/Frameworks/AdSupport.framework; sourceTree = SDKROOT; };
		DE1E6EDF1ED2C80C00875AB8 /* SystemConfiguration.framework */ = {isa = PBXFileReference; lastKnownFileType = wrapper.framework; name = SystemConfiguration.framework; path = System/Library/Frameworks/SystemConfiguration.framework; sourceTree = SDKROOT; };
		DE1E6EE11ED2C81900875AB8 /* libstdc++.tbd */ = {isa = PBXFileReference; lastKnownFileType = "sourcecode.text-based-dylib-definition"; name = "libstdc++.tbd"; path = "usr/lib/libstdc++.tbd"; sourceTree = SDKROOT; };
		DE1E6EE31ED2C82100875AB8 /* libz.tbd */ = {isa = PBXFileReference; lastKnownFileType = "sourcecode.text-based-dylib-definition"; name = libz.tbd; path = usr/lib/libz.tbd; sourceTree = SDKROOT; };
		DE1E6EE51ED2C82A00875AB8 /* libicucore.tbd */ = {isa = PBXFileReference; lastKnownFileType = "sourcecode.text-based-dylib-definition"; name = libicucore.tbd; path = usr/lib/libicucore.tbd; sourceTree = SDKROOT; };
		DE3C2EDB1F34461D0034009D /* MJRefreshAutoFooter.h */ = {isa = PBXFileReference; fileEncoding = 4; lastKnownFileType = sourcecode.c.h; path = MJRefreshAutoFooter.h; sourceTree = "<group>"; };
		DE3C2EDC1F34461D0034009D /* MJRefreshAutoFooter.m */ = {isa = PBXFileReference; fileEncoding = 4; lastKnownFileType = sourcecode.c.objc; path = MJRefreshAutoFooter.m; sourceTree = "<group>"; };
		DE3C2EDD1F34461D0034009D /* MJRefreshBackFooter.h */ = {isa = PBXFileReference; fileEncoding = 4; lastKnownFileType = sourcecode.c.h; path = MJRefreshBackFooter.h; sourceTree = "<group>"; };
		DE3C2EDE1F34461D0034009D /* MJRefreshBackFooter.m */ = {isa = PBXFileReference; fileEncoding = 4; lastKnownFileType = sourcecode.c.objc; path = MJRefreshBackFooter.m; sourceTree = "<group>"; };
		DE3C2EDF1F34461D0034009D /* MJRefreshComponent.h */ = {isa = PBXFileReference; fileEncoding = 4; lastKnownFileType = sourcecode.c.h; path = MJRefreshComponent.h; sourceTree = "<group>"; };
		DE3C2EE01F34461D0034009D /* MJRefreshComponent.m */ = {isa = PBXFileReference; fileEncoding = 4; lastKnownFileType = sourcecode.c.objc; path = MJRefreshComponent.m; sourceTree = "<group>"; };
		DE3C2EE11F34461D0034009D /* MJRefreshFooter.h */ = {isa = PBXFileReference; fileEncoding = 4; lastKnownFileType = sourcecode.c.h; path = MJRefreshFooter.h; sourceTree = "<group>"; };
		DE3C2EE21F34461D0034009D /* MJRefreshFooter.m */ = {isa = PBXFileReference; fileEncoding = 4; lastKnownFileType = sourcecode.c.objc; path = MJRefreshFooter.m; sourceTree = "<group>"; };
		DE3C2EE31F34461D0034009D /* MJRefreshHeader.h */ = {isa = PBXFileReference; fileEncoding = 4; lastKnownFileType = sourcecode.c.h; path = MJRefreshHeader.h; sourceTree = "<group>"; };
		DE3C2EE41F34461D0034009D /* MJRefreshHeader.m */ = {isa = PBXFileReference; fileEncoding = 4; lastKnownFileType = sourcecode.c.objc; path = MJRefreshHeader.m; sourceTree = "<group>"; };
		DE3C2EE81F34461D0034009D /* MJRefreshAutoGifFooter.h */ = {isa = PBXFileReference; fileEncoding = 4; lastKnownFileType = sourcecode.c.h; path = MJRefreshAutoGifFooter.h; sourceTree = "<group>"; };
		DE3C2EE91F34461D0034009D /* MJRefreshAutoGifFooter.m */ = {isa = PBXFileReference; fileEncoding = 4; lastKnownFileType = sourcecode.c.objc; path = MJRefreshAutoGifFooter.m; sourceTree = "<group>"; };
		DE3C2EEA1F34461D0034009D /* MJRefreshAutoNormalFooter.h */ = {isa = PBXFileReference; fileEncoding = 4; lastKnownFileType = sourcecode.c.h; path = MJRefreshAutoNormalFooter.h; sourceTree = "<group>"; };
		DE3C2EEB1F34461D0034009D /* MJRefreshAutoNormalFooter.m */ = {isa = PBXFileReference; fileEncoding = 4; lastKnownFileType = sourcecode.c.objc; path = MJRefreshAutoNormalFooter.m; sourceTree = "<group>"; };
		DE3C2EEC1F34461D0034009D /* MJRefreshAutoStateFooter.h */ = {isa = PBXFileReference; fileEncoding = 4; lastKnownFileType = sourcecode.c.h; path = MJRefreshAutoStateFooter.h; sourceTree = "<group>"; };
		DE3C2EED1F34461D0034009D /* MJRefreshAutoStateFooter.m */ = {isa = PBXFileReference; fileEncoding = 4; lastKnownFileType = sourcecode.c.objc; path = MJRefreshAutoStateFooter.m; sourceTree = "<group>"; };
		DE3C2EEF1F34461D0034009D /* MJRefreshBackGifFooter.h */ = {isa = PBXFileReference; fileEncoding = 4; lastKnownFileType = sourcecode.c.h; path = MJRefreshBackGifFooter.h; sourceTree = "<group>"; };
		DE3C2EF01F34461D0034009D /* MJRefreshBackGifFooter.m */ = {isa = PBXFileReference; fileEncoding = 4; lastKnownFileType = sourcecode.c.objc; path = MJRefreshBackGifFooter.m; sourceTree = "<group>"; };
		DE3C2EF11F34461D0034009D /* MJRefreshBackNormalFooter.h */ = {isa = PBXFileReference; fileEncoding = 4; lastKnownFileType = sourcecode.c.h; path = MJRefreshBackNormalFooter.h; sourceTree = "<group>"; };
		DE3C2EF21F34461D0034009D /* MJRefreshBackNormalFooter.m */ = {isa = PBXFileReference; fileEncoding = 4; lastKnownFileType = sourcecode.c.objc; path = MJRefreshBackNormalFooter.m; sourceTree = "<group>"; };
		DE3C2EF31F34461D0034009D /* MJRefreshBackStateFooter.h */ = {isa = PBXFileReference; fileEncoding = 4; lastKnownFileType = sourcecode.c.h; path = MJRefreshBackStateFooter.h; sourceTree = "<group>"; };
		DE3C2EF41F34461D0034009D /* MJRefreshBackStateFooter.m */ = {isa = PBXFileReference; fileEncoding = 4; lastKnownFileType = sourcecode.c.objc; path = MJRefreshBackStateFooter.m; sourceTree = "<group>"; };
		DE3C2EF61F34461D0034009D /* MJRefreshGifHeader.h */ = {isa = PBXFileReference; fileEncoding = 4; lastKnownFileType = sourcecode.c.h; path = MJRefreshGifHeader.h; sourceTree = "<group>"; };
		DE3C2EF71F34461D0034009D /* MJRefreshGifHeader.m */ = {isa = PBXFileReference; fileEncoding = 4; lastKnownFileType = sourcecode.c.objc; path = MJRefreshGifHeader.m; sourceTree = "<group>"; };
		DE3C2EF81F34461D0034009D /* MJRefreshNormalHeader.h */ = {isa = PBXFileReference; fileEncoding = 4; lastKnownFileType = sourcecode.c.h; path = MJRefreshNormalHeader.h; sourceTree = "<group>"; };
		DE3C2EF91F34461D0034009D /* MJRefreshNormalHeader.m */ = {isa = PBXFileReference; fileEncoding = 4; lastKnownFileType = sourcecode.c.objc; path = MJRefreshNormalHeader.m; sourceTree = "<group>"; };
		DE3C2EFA1F34461D0034009D /* MJRefreshStateHeader.h */ = {isa = PBXFileReference; fileEncoding = 4; lastKnownFileType = sourcecode.c.h; path = MJRefreshStateHeader.h; sourceTree = "<group>"; };
		DE3C2EFB1F34461D0034009D /* MJRefreshStateHeader.m */ = {isa = PBXFileReference; fileEncoding = 4; lastKnownFileType = sourcecode.c.objc; path = MJRefreshStateHeader.m; sourceTree = "<group>"; };
		DE3C2EFC1F34461D0034009D /* MJRefresh.bundle */ = {isa = PBXFileReference; lastKnownFileType = "wrapper.plug-in"; path = MJRefresh.bundle; sourceTree = "<group>"; };
		DE3C2EFD1F34461D0034009D /* MJRefresh.h */ = {isa = PBXFileReference; fileEncoding = 4; lastKnownFileType = sourcecode.c.h; path = MJRefresh.h; sourceTree = "<group>"; };
		DE3C2EFE1F34461D0034009D /* MJRefreshConst.h */ = {isa = PBXFileReference; fileEncoding = 4; lastKnownFileType = sourcecode.c.h; path = MJRefreshConst.h; sourceTree = "<group>"; };
		DE3C2EFF1F34461D0034009D /* MJRefreshConst.m */ = {isa = PBXFileReference; fileEncoding = 4; lastKnownFileType = sourcecode.c.objc; path = MJRefreshConst.m; sourceTree = "<group>"; };
		DE3C2F001F34461D0034009D /* NSBundle+MJRefresh.h */ = {isa = PBXFileReference; fileEncoding = 4; lastKnownFileType = sourcecode.c.h; path = "NSBundle+MJRefresh.h"; sourceTree = "<group>"; };
		DE3C2F011F34461D0034009D /* NSBundle+MJRefresh.m */ = {isa = PBXFileReference; fileEncoding = 4; lastKnownFileType = sourcecode.c.objc; path = "NSBundle+MJRefresh.m"; sourceTree = "<group>"; };
		DE3C2F021F34461D0034009D /* UIScrollView+MJExtension.h */ = {isa = PBXFileReference; fileEncoding = 4; lastKnownFileType = sourcecode.c.h; path = "UIScrollView+MJExtension.h"; sourceTree = "<group>"; };
		DE3C2F031F34461D0034009D /* UIScrollView+MJExtension.m */ = {isa = PBXFileReference; fileEncoding = 4; lastKnownFileType = sourcecode.c.objc; path = "UIScrollView+MJExtension.m"; sourceTree = "<group>"; };
		DE3C2F041F34461D0034009D /* UIScrollView+MJRefresh.h */ = {isa = PBXFileReference; fileEncoding = 4; lastKnownFileType = sourcecode.c.h; path = "UIScrollView+MJRefresh.h"; sourceTree = "<group>"; };
		DE3C2F051F34461D0034009D /* UIScrollView+MJRefresh.m */ = {isa = PBXFileReference; fileEncoding = 4; lastKnownFileType = sourcecode.c.objc; path = "UIScrollView+MJRefresh.m"; sourceTree = "<group>"; };
		DE3C2F061F34461D0034009D /* UIView+MJExtension.h */ = {isa = PBXFileReference; fileEncoding = 4; lastKnownFileType = sourcecode.c.h; path = "UIView+MJExtension.h"; sourceTree = "<group>"; };
		DE3C2F071F34461D0034009D /* UIView+MJExtension.m */ = {isa = PBXFileReference; fileEncoding = 4; lastKnownFileType = sourcecode.c.objc; path = "UIView+MJExtension.m"; sourceTree = "<group>"; };
		DE4BE8E71EF930DC00298201 /* zh-Hans */ = {isa = PBXFileReference; lastKnownFileType = text.plist.strings; name = "zh-Hans"; path = "zh-Hans.lproj/Main.strings"; sourceTree = "<group>"; };
		DE4BE8E81EF930DC00298201 /* zh-Hans */ = {isa = PBXFileReference; lastKnownFileType = text.plist.strings; name = "zh-Hans"; path = "zh-Hans.lproj/LaunchScreen.strings"; sourceTree = "<group>"; };
		DE4BE8E91EF930E100298201 /* zh-Hant */ = {isa = PBXFileReference; lastKnownFileType = text.plist.strings; name = "zh-Hant"; path = "zh-Hant.lproj/Main.strings"; sourceTree = "<group>"; };
		DE4BE8EA1EF930E100298201 /* zh-Hant */ = {isa = PBXFileReference; lastKnownFileType = text.plist.strings; name = "zh-Hant"; path = "zh-Hant.lproj/LaunchScreen.strings"; sourceTree = "<group>"; };
		DE826F171ED2CBD30099FC40 /* JiMu.bundle */ = {isa = PBXFileReference; lastKnownFileType = "wrapper.plug-in"; path = JiMu.bundle; sourceTree = "<group>"; };
		DE826F181ED2CBD30099FC40 /* JiMu.framework */ = {isa = PBXFileReference; lastKnownFileType = wrapper.framework; path = JiMu.framework; sourceTree = "<group>"; };
		DE826F191ED2CBD30099FC40 /* MOBFoundation.framework */ = {isa = PBXFileReference; lastKnownFileType = wrapper.framework; path = MOBFoundation.framework; sourceTree = "<group>"; };
		DE826F1B1ED2CBD30099FC40 /* ShareSDK.framework */ = {isa = PBXFileReference; lastKnownFileType = wrapper.framework; path = ShareSDK.framework; sourceTree = "<group>"; };
		DE826F1E1ED2CBD30099FC40 /* ShareSDK.bundle */ = {isa = PBXFileReference; lastKnownFileType = "wrapper.plug-in"; path = ShareSDK.bundle; sourceTree = "<group>"; };
		DE826F201ED2CBD30099FC40 /* SMS_SDK.framework */ = {isa = PBXFileReference; lastKnownFileType = wrapper.framework; path = SMS_SDK.framework; sourceTree = "<group>"; };
		DE826F221ED2CBD30099FC40 /* UMSSDK.framework */ = {isa = PBXFileReference; lastKnownFileType = wrapper.framework; path = UMSSDK.framework; sourceTree = "<group>"; };
		DE826F231ED2CBD30099FC40 /* UMSSDKUI.bundle */ = {isa = PBXFileReference; lastKnownFileType = "wrapper.plug-in"; path = UMSSDKUI.bundle; sourceTree = "<group>"; };
		DE826F241ED2CBD30099FC40 /* UMSSDKUI.framework */ = {isa = PBXFileReference; lastKnownFileType = wrapper.framework; path = UMSSDKUI.framework; sourceTree = "<group>"; };
		DEDBEFBA1ED2C3B50065E2BA /* UMSSDKDemo.app */ = {isa = PBXFileReference; explicitFileType = wrapper.application; includeInIndex = 0; path = UMSSDKDemo.app; sourceTree = BUILT_PRODUCTS_DIR; };
		DEDBEFBE1ED2C3B50065E2BA /* main.m */ = {isa = PBXFileReference; lastKnownFileType = sourcecode.c.objc; path = main.m; sourceTree = "<group>"; };
		DEDBEFC01ED2C3B50065E2BA /* AppDelegate.h */ = {isa = PBXFileReference; lastKnownFileType = sourcecode.c.h; path = AppDelegate.h; sourceTree = "<group>"; };
		DEDBEFC11ED2C3B50065E2BA /* AppDelegate.m */ = {isa = PBXFileReference; lastKnownFileType = sourcecode.c.objc; path = AppDelegate.m; sourceTree = "<group>"; };
		DEDBEFC31ED2C3B60065E2BA /* ViewController.h */ = {isa = PBXFileReference; lastKnownFileType = sourcecode.c.h; path = ViewController.h; sourceTree = "<group>"; };
		DEDBEFC41ED2C3B60065E2BA /* ViewController.m */ = {isa = PBXFileReference; lastKnownFileType = sourcecode.c.objc; path = ViewController.m; sourceTree = "<group>"; };
		DEDBEFC71ED2C3B60065E2BA /* Base */ = {isa = PBXFileReference; lastKnownFileType = file.storyboard; name = Base; path = Base.lproj/Main.storyboard; sourceTree = "<group>"; };
		DEDBEFC91ED2C3B60065E2BA /* Assets.xcassets */ = {isa = PBXFileReference; lastKnownFileType = folder.assetcatalog; path = Assets.xcassets; sourceTree = "<group>"; };
		DEDBEFCC1ED2C3B60065E2BA /* Base */ = {isa = PBXFileReference; lastKnownFileType = file.storyboard; name = Base; path = Base.lproj/LaunchScreen.storyboard; sourceTree = "<group>"; };
		DEDBEFCE1ED2C3B60065E2BA /* Info.plist */ = {isa = PBXFileReference; lastKnownFileType = text.plist.xml; path = Info.plist; sourceTree = "<group>"; };
/* End PBXFileReference section */

/* Begin PBXFrameworksBuildPhase section */
		DEDBEFB71ED2C3B50065E2BA /* Frameworks */ = {
			isa = PBXFrameworksBuildPhase;
			buildActionMask = 2147483647;
			files = (
				DE1E6EE61ED2C82A00875AB8 /* libicucore.tbd in Frameworks */,
				DE826F2A1ED2CBD30099FC40 /* SMS_SDK.framework in Frameworks */,
				DE1E6EE41ED2C82100875AB8 /* libz.tbd in Frameworks */,
				DE1E6EE21ED2C81900875AB8 /* libstdc++.tbd in Frameworks */,
				DE1E6EE01ED2C80C00875AB8 /* SystemConfiguration.framework in Frameworks */,
				DE1E6EDE1ED2C7FC00875AB8 /* AdSupport.framework in Frameworks */,
				DE1E6EDC1ED2C7F300875AB8 /* CoreLocation.framework in Frameworks */,
				DE826F2B1ED2CBD30099FC40 /* UMSSDK.framework in Frameworks */,
				DE826F271ED2CBD30099FC40 /* MOBFoundation.framework in Frameworks */,
				DE826F2D1ED2CBD30099FC40 /* UMSSDKUI.framework in Frameworks */,
				DE1E6EDA1ED2C7EB00875AB8 /* JavaScriptCore.framework in Frameworks */,
				DE826F261ED2CBD30099FC40 /* JiMu.framework in Frameworks */,
				DE826F281ED2CBD30099FC40 /* ShareSDK.framework in Frameworks */,
			);
			runOnlyForDeploymentPostprocessing = 0;
		};
/* End PBXFrameworksBuildPhase section */

/* Begin PBXGroup section */
		DE1E6ED81ED2C7EB00875AB8 /* Frameworks */ = {
			isa = PBXGroup;
			children = (
				DE1E6EE51ED2C82A00875AB8 /* libicucore.tbd */,
				DE1E6EE31ED2C82100875AB8 /* libz.tbd */,
				DE1E6EE11ED2C81900875AB8 /* libstdc++.tbd */,
				DE1E6EDF1ED2C80C00875AB8 /* SystemConfiguration.framework */,
				DE1E6EDD1ED2C7FC00875AB8 /* AdSupport.framework */,
				DE1E6EDB1ED2C7F300875AB8 /* CoreLocation.framework */,
				DE1E6ED91ED2C7EB00875AB8 /* JavaScriptCore.framework */,
			);
			name = Frameworks;
			sourceTree = "<group>";
		};
		DE3C2ED81F34461D0034009D /* Common */ = {
			isa = PBXGroup;
			children = (
				DE3C2ED91F34461D0034009D /* MJRefresh */,
			);
			path = Common;
			sourceTree = "<group>";
		};
		DE3C2ED91F34461D0034009D /* MJRefresh */ = {
			isa = PBXGroup;
			children = (
				DE3C2EDA1F34461D0034009D /* Base */,
				DE3C2EE51F34461D0034009D /* Custom */,
				DE3C2EFC1F34461D0034009D /* MJRefresh.bundle */,
				DE3C2EFD1F34461D0034009D /* MJRefresh.h */,
				DE3C2EFE1F34461D0034009D /* MJRefreshConst.h */,
				DE3C2EFF1F34461D0034009D /* MJRefreshConst.m */,
				DE3C2F001F34461D0034009D /* NSBundle+MJRefresh.h */,
				DE3C2F011F34461D0034009D /* NSBundle+MJRefresh.m */,
				DE3C2F021F34461D0034009D /* UIScrollView+MJExtension.h */,
				DE3C2F031F34461D0034009D /* UIScrollView+MJExtension.m */,
				DE3C2F041F34461D0034009D /* UIScrollView+MJRefresh.h */,
				DE3C2F051F34461D0034009D /* UIScrollView+MJRefresh.m */,
				DE3C2F061F34461D0034009D /* UIView+MJExtension.h */,
				DE3C2F071F34461D0034009D /* UIView+MJExtension.m */,
			);
			path = MJRefresh;
			sourceTree = "<group>";
		};
		DE3C2EDA1F34461D0034009D /* Base */ = {
			isa = PBXGroup;
			children = (
				DE3C2EDB1F34461D0034009D /* MJRefreshAutoFooter.h */,
				DE3C2EDC1F34461D0034009D /* MJRefreshAutoFooter.m */,
				DE3C2EDD1F34461D0034009D /* MJRefreshBackFooter.h */,
				DE3C2EDE1F34461D0034009D /* MJRefreshBackFooter.m */,
				DE3C2EDF1F34461D0034009D /* MJRefreshComponent.h */,
				DE3C2EE01F34461D0034009D /* MJRefreshComponent.m */,
				DE3C2EE11F34461D0034009D /* MJRefreshFooter.h */,
				DE3C2EE21F34461D0034009D /* MJRefreshFooter.m */,
				DE3C2EE31F34461D0034009D /* MJRefreshHeader.h */,
				DE3C2EE41F34461D0034009D /* MJRefreshHeader.m */,
			);
			path = Base;
			sourceTree = "<group>";
		};
		DE3C2EE51F34461D0034009D /* Custom */ = {
			isa = PBXGroup;
			children = (
				DE3C2EE61F34461D0034009D /* Footer */,
				DE3C2EF51F34461D0034009D /* Header */,
			);
			path = Custom;
			sourceTree = "<group>";
		};
		DE3C2EE61F34461D0034009D /* Footer */ = {
			isa = PBXGroup;
			children = (
				DE3C2EE71F34461D0034009D /* Auto */,
				DE3C2EEE1F34461D0034009D /* Back */,
			);
			path = Footer;
			sourceTree = "<group>";
		};
		DE3C2EE71F34461D0034009D /* Auto */ = {
			isa = PBXGroup;
			children = (
				DE3C2EE81F34461D0034009D /* MJRefreshAutoGifFooter.h */,
				DE3C2EE91F34461D0034009D /* MJRefreshAutoGifFooter.m */,
				DE3C2EEA1F34461D0034009D /* MJRefreshAutoNormalFooter.h */,
				DE3C2EEB1F34461D0034009D /* MJRefreshAutoNormalFooter.m */,
				DE3C2EEC1F34461D0034009D /* MJRefreshAutoStateFooter.h */,
				DE3C2EED1F34461D0034009D /* MJRefreshAutoStateFooter.m */,
			);
			path = Auto;
			sourceTree = "<group>";
		};
		DE3C2EEE1F34461D0034009D /* Back */ = {
			isa = PBXGroup;
			children = (
				DE3C2EEF1F34461D0034009D /* MJRefreshBackGifFooter.h */,
				DE3C2EF01F34461D0034009D /* MJRefreshBackGifFooter.m */,
				DE3C2EF11F34461D0034009D /* MJRefreshBackNormalFooter.h */,
				DE3C2EF21F34461D0034009D /* MJRefreshBackNormalFooter.m */,
				DE3C2EF31F34461D0034009D /* MJRefreshBackStateFooter.h */,
				DE3C2EF41F34461D0034009D /* MJRefreshBackStateFooter.m */,
			);
			path = Back;
			sourceTree = "<group>";
		};
		DE3C2EF51F34461D0034009D /* Header */ = {
			isa = PBXGroup;
			children = (
				DE3C2EF61F34461D0034009D /* MJRefreshGifHeader.h */,
				DE3C2EF71F34461D0034009D /* MJRefreshGifHeader.m */,
				DE3C2EF81F34461D0034009D /* MJRefreshNormalHeader.h */,
				DE3C2EF91F34461D0034009D /* MJRefreshNormalHeader.m */,
				DE3C2EFA1F34461D0034009D /* MJRefreshStateHeader.h */,
				DE3C2EFB1F34461D0034009D /* MJRefreshStateHeader.m */,
			);
			path = Header;
			sourceTree = "<group>";
		};
		DE826F151ED2CBD30099FC40 /* SDK */ = {
			isa = PBXGroup;
			children = (
				DE3C2ED81F34461D0034009D /* Common */,
				DE826F161ED2CBD30099FC40 /* Required */,
				DE826F1A1ED2CBD30099FC40 /* ShareSDK */,
				DE826F1F1ED2CBD30099FC40 /* SMSSDK */,
				DE826F211ED2CBD30099FC40 /* UMSSDK */,
			);
			name = SDK;
			path = ../../SDK;
			sourceTree = "<group>";
		};
		DE826F161ED2CBD30099FC40 /* Required */ = {
			isa = PBXGroup;
			children = (
				DE826F171ED2CBD30099FC40 /* JiMu.bundle */,
				DE826F181ED2CBD30099FC40 /* JiMu.framework */,
				DE826F191ED2CBD30099FC40 /* MOBFoundation.framework */,
			);
			path = Required;
			sourceTree = "<group>";
		};
		DE826F1A1ED2CBD30099FC40 /* ShareSDK */ = {
			isa = PBXGroup;
			children = (
				DE826F1B1ED2CBD30099FC40 /* ShareSDK.framework */,
				DE826F1C1ED2CBD30099FC40 /* Support */,
			);
			path = ShareSDK;
			sourceTree = "<group>";
		};
		DE826F1C1ED2CBD30099FC40 /* Support */ = {
			isa = PBXGroup;
			children = (
				DE826F1D1ED2CBD30099FC40 /* Required */,
			);
			path = Support;
			sourceTree = "<group>";
		};
		DE826F1D1ED2CBD30099FC40 /* Required */ = {
			isa = PBXGroup;
			children = (
				DE826F1E1ED2CBD30099FC40 /* ShareSDK.bundle */,
			);
			path = Required;
			sourceTree = "<group>";
		};
		DE826F1F1ED2CBD30099FC40 /* SMSSDK */ = {
			isa = PBXGroup;
			children = (
				DE826F201ED2CBD30099FC40 /* SMS_SDK.framework */,
			);
			path = SMSSDK;
			sourceTree = "<group>";
		};
		DE826F211ED2CBD30099FC40 /* UMSSDK */ = {
			isa = PBXGroup;
			children = (
				DE826F221ED2CBD30099FC40 /* UMSSDK.framework */,
				DE826F231ED2CBD30099FC40 /* UMSSDKUI.bundle */,
				DE826F241ED2CBD30099FC40 /* UMSSDKUI.framework */,
			);
			path = UMSSDK;
			sourceTree = "<group>";
		};
		DEDBEFB11ED2C3B50065E2BA = {
			isa = PBXGroup;
			children = (
				DE826F151ED2CBD30099FC40 /* SDK */,
				DEDBEFBC1ED2C3B50065E2BA /* UMSSDKDemo */,
				DEDBEFBB1ED2C3B50065E2BA /* Products */,
				DE1E6ED81ED2C7EB00875AB8 /* Frameworks */,
			);
			sourceTree = "<group>";
		};
		DEDBEFBB1ED2C3B50065E2BA /* Products */ = {
			isa = PBXGroup;
			children = (
				DEDBEFBA1ED2C3B50065E2BA /* UMSSDKDemo.app */,
			);
			name = Products;
			sourceTree = "<group>";
		};
		DEDBEFBC1ED2C3B50065E2BA /* UMSSDKDemo */ = {
			isa = PBXGroup;
			children = (
				DEDBEFC01ED2C3B50065E2BA /* AppDelegate.h */,
				DEDBEFC11ED2C3B50065E2BA /* AppDelegate.m */,
				DEDBEFC31ED2C3B60065E2BA /* ViewController.h */,
				DEDBEFC41ED2C3B60065E2BA /* ViewController.m */,
				DEDBEFC61ED2C3B60065E2BA /* Main.storyboard */,
				DEDBEFC91ED2C3B60065E2BA /* Assets.xcassets */,
				DEDBEFCB1ED2C3B60065E2BA /* LaunchScreen.storyboard */,
				DEDBEFCE1ED2C3B60065E2BA /* Info.plist */,
				DEDBEFBD1ED2C3B50065E2BA /* Supporting Files */,
			);
			path = UMSSDKDemo;
			sourceTree = "<group>";
		};
		DEDBEFBD1ED2C3B50065E2BA /* Supporting Files */ = {
			isa = PBXGroup;
			children = (
				DEDBEFBE1ED2C3B50065E2BA /* main.m */,
			);
			name = "Supporting Files";
			sourceTree = "<group>";
		};
/* End PBXGroup section */

/* Begin PBXNativeTarget section */
		DEDBEFB91ED2C3B50065E2BA /* UMSSDKDemo */ = {
			isa = PBXNativeTarget;
			buildConfigurationList = DEDBEFD11ED2C3B60065E2BA /* Build configuration list for PBXNativeTarget "UMSSDKDemo" */;
			buildPhases = (
				DEDBEFB61ED2C3B50065E2BA /* Sources */,
				DEDBEFB71ED2C3B50065E2BA /* Frameworks */,
				DEDBEFB81ED2C3B50065E2BA /* Resources */,
			);
			buildRules = (
			);
			dependencies = (
			);
			name = UMSSDKDemo;
			productName = UMSSDKDemo;
			productReference = DEDBEFBA1ED2C3B50065E2BA /* UMSSDKDemo.app */;
			productType = "com.apple.product-type.application";
		};
/* End PBXNativeTarget section */

/* Begin PBXProject section */
		DEDBEFB21ED2C3B50065E2BA /* Project object */ = {
			isa = PBXProject;
			attributes = {
				LastUpgradeCheck = 0720;
				ORGANIZATIONNAME = com.mob;
				TargetAttributes = {
					DEDBEFB91ED2C3B50065E2BA = {
						CreatedOnToolsVersion = 7.2;
						DevelopmentTeam = 97DW55HLWV;
						ProvisioningStyle = Automatic;
					};
				};
			};
			buildConfigurationList = DEDBEFB51ED2C3B50065E2BA /* Build configuration list for PBXProject "UMSSDKDemo" */;
			compatibilityVersion = "Xcode 3.2";
			developmentRegion = English;
			hasScannedForEncodings = 0;
			knownRegions = (
				en,
				Base,
			);
			mainGroup = DEDBEFB11ED2C3B50065E2BA;
			productRefGroup = DEDBEFBB1ED2C3B50065E2BA /* Products */;
			projectDirPath = "";
			projectRoot = "";
			targets = (
				DEDBEFB91ED2C3B50065E2BA /* UMSSDKDemo */,
			);
		};
/* End PBXProject section */

/* Begin PBXResourcesBuildPhase section */
		DEDBEFB81ED2C3B50065E2BA /* Resources */ = {
			isa = PBXResourcesBuildPhase;
			buildActionMask = 2147483647;
			files = (
				DE826F251ED2CBD30099FC40 /* JiMu.bundle in Resources */,
				DE826F291ED2CBD30099FC40 /* ShareSDK.bundle in Resources */,
				DEDBEFCD1ED2C3B60065E2BA /* LaunchScreen.storyboard in Resources */,
				DEDBEFCA1ED2C3B60065E2BA /* Assets.xcassets in Resources */,
				DE826F2C1ED2CBD30099FC40 /* UMSSDKUI.bundle in Resources */,
				DE3C2F161F34461D0034009D /* MJRefresh.bundle in Resources */,
				DEDBEFC81ED2C3B60065E2BA /* Main.storyboard in Resources */,
			);
			runOnlyForDeploymentPostprocessing = 0;
		};
/* End PBXResourcesBuildPhase section */

/* Begin PBXSourcesBuildPhase section */
		DEDBEFB61ED2C3B50065E2BA /* Sources */ = {
			isa = PBXSourcesBuildPhase;
			buildActionMask = 2147483647;
			files = (
				DEDBEFC51ED2C3B60065E2BA /* ViewController.m in Sources */,
				DE3C2F181F34461D0034009D /* NSBundle+MJRefresh.m in Sources */,
				DE3C2F0E1F34461D0034009D /* MJRefreshAutoNormalFooter.m in Sources */,
				DE3C2F0D1F34461D0034009D /* MJRefreshAutoGifFooter.m in Sources */,
				DE3C2F191F34461D0034009D /* UIScrollView+MJExtension.m in Sources */,
				DE3C2F131F34461D0034009D /* MJRefreshGifHeader.m in Sources */,
				DEDBEFC21ED2C3B50065E2BA /* AppDelegate.m in Sources */,
				DE3C2F0A1F34461D0034009D /* MJRefreshComponent.m in Sources */,
				DE3C2F0C1F34461D0034009D /* MJRefreshHeader.m in Sources */,
				DE3C2F1B1F34461D0034009D /* UIView+MJExtension.m in Sources */,
				DE3C2F121F34461D0034009D /* MJRefreshBackStateFooter.m in Sources */,
				DE3C2F081F34461D0034009D /* MJRefreshAutoFooter.m in Sources */,
				DE3C2F1A1F34461D0034009D /* UIScrollView+MJRefresh.m in Sources */,
				DE3C2F101F34461D0034009D /* MJRefreshBackGifFooter.m in Sources */,
				DE3C2F141F34461D0034009D /* MJRefreshNormalHeader.m in Sources */,
				DE3C2F0F1F34461D0034009D /* MJRefreshAutoStateFooter.m in Sources */,
				DE3C2F091F34461D0034009D /* MJRefreshBackFooter.m in Sources */,
				DEDBEFBF1ED2C3B50065E2BA /* main.m in Sources */,
				DE3C2F171F34461D0034009D /* MJRefreshConst.m in Sources */,
				DE3C2F111F34461D0034009D /* MJRefreshBackNormalFooter.m in Sources */,
				DE3C2F151F34461D0034009D /* MJRefreshStateHeader.m in Sources */,
				DE3C2F0B1F34461D0034009D /* MJRefreshFooter.m in Sources */,
			);
			runOnlyForDeploymentPostprocessing = 0;
		};
/* End PBXSourcesBuildPhase section */

/* Begin PBXVariantGroup section */
		DEDBEFC61ED2C3B60065E2BA /* Main.storyboard */ = {
			isa = PBXVariantGroup;
			children = (
				DEDBEFC71ED2C3B60065E2BA /* Base */,
				DE4BE8E71EF930DC00298201 /* zh-Hans */,
				DE4BE8E91EF930E100298201 /* zh-Hant */,
			);
			name = Main.storyboard;
			sourceTree = "<group>";
		};
		DEDBEFCB1ED2C3B60065E2BA /* LaunchScreen.storyboard */ = {
			isa = PBXVariantGroup;
			children = (
				DEDBEFCC1ED2C3B60065E2BA /* Base */,
				DE4BE8E81EF930DC00298201 /* zh-Hans */,
				DE4BE8EA1EF930E100298201 /* zh-Hant */,
			);
			name = LaunchScreen.storyboard;
			sourceTree = "<group>";
		};
/* End PBXVariantGroup section */

/* Begin XCBuildConfiguration section */
		DEDBEFCF1ED2C3B60065E2BA /* Debug */ = {
			isa = XCBuildConfiguration;
			buildSettings = {
				ALWAYS_SEARCH_USER_PATHS = NO;
				CLANG_CXX_LANGUAGE_STANDARD = "gnu++0x";
				CLANG_CXX_LIBRARY = "libc++";
				CLANG_ENABLE_MODULES = YES;
				CLANG_ENABLE_OBJC_ARC = YES;
				CLANG_WARN_BOOL_CONVERSION = YES;
				CLANG_WARN_CONSTANT_CONVERSION = YES;
				CLANG_WARN_DIRECT_OBJC_ISA_USAGE = YES_ERROR;
				CLANG_WARN_EMPTY_BODY = YES;
				CLANG_WARN_ENUM_CONVERSION = YES;
				CLANG_WARN_INT_CONVERSION = YES;
				CLANG_WARN_OBJC_ROOT_CLASS = YES_ERROR;
				CLANG_WARN_UNREACHABLE_CODE = YES;
				CLANG_WARN__DUPLICATE_METHOD_MATCH = YES;
				CODE_SIGN_IDENTITY = "iPhone Developer: Jinghuang Liu (H4ZH7W6LU4)";
				"CODE_SIGN_IDENTITY[sdk=iphoneos*]" = "iPhone Developer: Jinghuang Liu (H4ZH7W6LU4)";
				COPY_PHASE_STRIP = NO;
				DEBUG_INFORMATION_FORMAT = dwarf;
				DEVELOPMENT_TEAM = 97DW55HLWV;
				ENABLE_STRICT_OBJC_MSGSEND = YES;
				ENABLE_TESTABILITY = YES;
				FRAMEWORK_SEARCH_PATHS = "$(PROJECT_DIR)/../../SDK";
				GCC_C_LANGUAGE_STANDARD = gnu99;
				GCC_DYNAMIC_NO_PIC = NO;
				GCC_NO_COMMON_BLOCKS = YES;
				GCC_OPTIMIZATION_LEVEL = 0;
				GCC_PREPROCESSOR_DEFINITIONS = (
					"DEBUG=1",
					"$(inherited)",
				);
				GCC_WARN_64_TO_32_BIT_CONVERSION = YES;
				GCC_WARN_ABOUT_RETURN_TYPE = YES_ERROR;
				GCC_WARN_UNDECLARED_SELECTOR = YES;
				GCC_WARN_UNINITIALIZED_AUTOS = YES_AGGRESSIVE;
				GCC_WARN_UNUSED_FUNCTION = YES;
				GCC_WARN_UNUSED_VARIABLE = YES;
				IPHONEOS_DEPLOYMENT_TARGET = 8.0;
				MTL_ENABLE_DEBUG_INFO = YES;
				ONLY_ACTIVE_ARCH = YES;
				SDKROOT = iphoneos;
				TARGETED_DEVICE_FAMILY = "1,2";
			};
			name = Debug;
		};
		DEDBEFD01ED2C3B60065E2BA /* Release */ = {
			isa = XCBuildConfiguration;
			buildSettings = {
				ALWAYS_SEARCH_USER_PATHS = NO;
				CLANG_CXX_LANGUAGE_STANDARD = "gnu++0x";
				CLANG_CXX_LIBRARY = "libc++";
				CLANG_ENABLE_MODULES = YES;
				CLANG_ENABLE_OBJC_ARC = YES;
				CLANG_WARN_BOOL_CONVERSION = YES;
				CLANG_WARN_CONSTANT_CONVERSION = YES;
				CLANG_WARN_DIRECT_OBJC_ISA_USAGE = YES_ERROR;
				CLANG_WARN_EMPTY_BODY = YES;
				CLANG_WARN_ENUM_CONVERSION = YES;
				CLANG_WARN_INT_CONVERSION = YES;
				CLANG_WARN_OBJC_ROOT_CLASS = YES_ERROR;
				CLANG_WARN_UNREACHABLE_CODE = YES;
				CLANG_WARN__DUPLICATE_METHOD_MATCH = YES;
				CODE_SIGN_IDENTITY = "iPhone Developer: Jinghuang Liu (H4ZH7W6LU4)";
				"CODE_SIGN_IDENTITY[sdk=iphoneos*]" = "iPhone Developer: Jinghuang Liu (H4ZH7W6LU4)";
				COPY_PHASE_STRIP = NO;
				DEBUG_INFORMATION_FORMAT = "dwarf-with-dsym";
				DEVELOPMENT_TEAM = 97DW55HLWV;
				ENABLE_NS_ASSERTIONS = NO;
				ENABLE_STRICT_OBJC_MSGSEND = YES;
				FRAMEWORK_SEARCH_PATHS = "$(PROJECT_DIR)/../../SDK";
				GCC_C_LANGUAGE_STANDARD = gnu99;
				GCC_NO_COMMON_BLOCKS = YES;
				GCC_WARN_64_TO_32_BIT_CONVERSION = YES;
				GCC_WARN_ABOUT_RETURN_TYPE = YES_ERROR;
				GCC_WARN_UNDECLARED_SELECTOR = YES;
				GCC_WARN_UNINITIALIZED_AUTOS = YES_AGGRESSIVE;
				GCC_WARN_UNUSED_FUNCTION = YES;
				GCC_WARN_UNUSED_VARIABLE = YES;
				IPHONEOS_DEPLOYMENT_TARGET = 8.0;
				MTL_ENABLE_DEBUG_INFO = NO;
				SDKROOT = iphoneos;
				TARGETED_DEVICE_FAMILY = "1,2";
				VALIDATE_PRODUCT = YES;
			};
			name = Release;
		};
		DEDBEFD21ED2C3B60065E2BA /* Debug */ = {
			isa = XCBuildConfiguration;
			buildSettings = {
				ASSETCATALOG_COMPILER_APPICON_NAME = AppIcon;
				CODE_SIGN_IDENTITY = "iPhone Developer: Jinghuang Liu (H4ZH7W6LU4)";
				"CODE_SIGN_IDENTITY[sdk=iphoneos*]" = "iPhone Developer";
				CODE_SIGN_STYLE = Automatic;
				DEVELOPMENT_TEAM = "";
				ENABLE_BITCODE = NO;
				FRAMEWORK_SEARCH_PATHS = (
					"$(PROJECT_DIR)/../../SDK/**",
					"$(inherited)/**",
				);
				INFOPLIST_FILE = UMSSDKDemo/Info.plist;
				IPHONEOS_DEPLOYMENT_TARGET = 7.0;
				LD_RUNPATH_SEARCH_PATHS = "$(inherited) @executable_path/Frameworks";
				OTHER_LDFLAGS = "-ObjC";
				PRODUCT_BUNDLE_IDENTIFIER = com.mob.product.UMSSDK;
				PRODUCT_NAME = "$(TARGET_NAME)";
				PROVISIONING_PROFILE = "";
				PROVISIONING_PROFILE_SPECIFIER = "";
			};
			name = Debug;
		};
		DEDBEFD31ED2C3B60065E2BA /* Release */ = {
			isa = XCBuildConfiguration;
			buildSettings = {
				ASSETCATALOG_COMPILER_APPICON_NAME = AppIcon;
				CODE_SIGN_IDENTITY = "iPhone Developer: Jinghuang Liu (H4ZH7W6LU4)";
				"CODE_SIGN_IDENTITY[sdk=iphoneos*]" = "iPhone Developer";
				CODE_SIGN_STYLE = Automatic;
				DEVELOPMENT_TEAM = "";
				ENABLE_BITCODE = NO;
				FRAMEWORK_SEARCH_PATHS = (
					"$(PROJECT_DIR)/../../SDK/**",
					"$(inherited)/**",
				);
				INFOPLIST_FILE = UMSSDKDemo/Info.plist;
				IPHONEOS_DEPLOYMENT_TARGET = 7.0;
				LD_RUNPATH_SEARCH_PATHS = "$(inherited) @executable_path/Frameworks";
				OTHER_LDFLAGS = "-ObjC";
				PRODUCT_BUNDLE_IDENTIFIER = com.mob.product.UMSSDK;
				PRODUCT_NAME = "$(TARGET_NAME)";
				PROVISIONING_PROFILE = "";
				PROVISIONING_PROFILE_SPECIFIER = "";
			};
			name = Release;
		};
/* End XCBuildConfiguration section */

/* Begin XCConfigurationList section */
		DEDBEFB51ED2C3B50065E2BA /* Build configuration list for PBXProject "UMSSDKDemo" */ = {
			isa = XCConfigurationList;
			buildConfigurations = (
				DEDBEFCF1ED2C3B60065E2BA /* Debug */,
				DEDBEFD01ED2C3B60065E2BA /* Release */,
			);
			defaultConfigurationIsVisible = 0;
			defaultConfigurationName = Release;
		};
		DEDBEFD11ED2C3B60065E2BA /* Build configuration list for PBXNativeTarget "UMSSDKDemo" */ = {
			isa = XCConfigurationList;
			buildConfigurations = (
				DEDBEFD21ED2C3B60065E2BA /* Debug */,
				DEDBEFD31ED2C3B60065E2BA /* Release */,
			);
			defaultConfigurationIsVisible = 0;
			defaultConfigurationName = Release;
		};
/* End XCConfigurationList section */
	};
	rootObject = DEDBEFB21ED2C3B50065E2BA /* Project object */;
}
